
Microsoft Visual Studio Solution File, Format Version 12.00
# Visual Studio Version 17
VisualStudioVersion = 17.3.32929.385
MinimumVisualStudioVersion = 10.0.40219.1
Project("{FAE04EC0-301F-11D3-BF4B-00C04F79EFBC}") = "Count.API", "Count.API\Count.API.csproj", "{EB704FF2-8D02-498B-B0DD-502D261A62A9}"
EndProject
Global
	GlobalSection(SolutionConfigurationPlatforms) = preSolution
		Debug|Any CPU = Debug|Any CPU
		Release|Any CPU = Release|Any CPU
	EndGlobalSection
	GlobalSection(ProjectConfigurationPlatforms) = postSolution
		{EB704FF2-8D02-498B-B0DD-502D261A62A9}.Debug|Any CPU.ActiveCfg = Debug|Any CPU
		{EB704FF2-8D02-498B-B0DD-502D261A62A9}.Debug|Any CPU.Build.0 = Debug|Any CPU
		{EB704FF2-8D02-498B-B0DD-502D261A62A9}.Release|Any CPU.ActiveCfg = Release|Any CPU
		{EB704FF2-8D02-498B-B0DD-502D261A62A9}.Release|Any CPU.Build.0 = Release|Any CPU
	EndGlobalSection
	GlobalSection(SolutionProperties) = preSolution
		HideSolutionNode = FALSE
	EndGlobalSection
	GlobalSection(ExtensibilityGlobals) = postSolution
		SolutionGuid = {39665E7E-FAC3-4751-AD6D-A1B0A86390A8}
	EndGlobalSection
EndGlobal
